
Microsoft Visual Studio Solution File, Format Version 12.00
# Visual Studio Version 17
VisualStudioVersion = 17.12.35527.113 d17.12
MinimumVisualStudioVersion = 10.0.40219.1
Project("{FAE04EC0-301F-11D3-BF4B-00C04F79EFBC}") = "Interfaces", "Interfaces\Interfaces.csproj", "{7EE785F6-BD2F-4663-AEEF-7B70C4ACBBED}"
EndProject
Global
	GlobalSection(SolutionConfigurationPlatforms) = preSolution
		Debug|Any CPU = Debug|Any CPU
		Release|Any CPU = Release|Any CPU
	EndGlobalSection
	GlobalSection(ProjectConfigurationPlatforms) = postSolution
		{7EE785F6-BD2F-4663-AEEF-7B70C4ACBBED}.Debug|Any CPU.ActiveCfg = Debug|Any CPU
		{7EE785F6-BD2F-4663-AEEF-7B70C4ACBBED}.Debug|Any CPU.Build.0 = Debug|Any CPU
		{7EE785F6-BD2F-4663-AEEF-7B70C4ACBBED}.Release|Any CPU.ActiveCfg = Release|Any CPU
		{7EE785F6-BD2F-4663-AEEF-7B70C4ACBBED}.Release|Any CPU.Build.0 = Release|Any CPU
	EndGlobalSection
	GlobalSection(SolutionProperties) = preSolution
		HideSolutionNode = FALSE
	EndGlobalSection
EndGlobal
