
Microsoft Visual Studio Solution File, Format Version 12.00
# Visual Studio Version 17
VisualStudioVersion = 17.14.36511.14 d17.14
MinimumVisualStudioVersion = 10.0.40219.1
Project("{FAE04EC0-301F-11D3-BF4B-00C04F79EFBC}") = "Groceries", "Groceries\Groceries.csproj", "{D24FD496-6E46-4CE1-8D63-1F913D9E690C}"
EndProject
Global
	GlobalSection(SolutionConfigurationPlatforms) = preSolution
		Debug|Any CPU = Debug|Any CPU
		Release|Any CPU = Release|Any CPU
	EndGlobalSection
	GlobalSection(ProjectConfigurationPlatforms) = postSolution
		{D24FD496-6E46-4CE1-8D63-1F913D9E690C}.Debug|Any CPU.ActiveCfg = Debug|Any CPU
		{D24FD496-6E46-4CE1-8D63-1F913D9E690C}.Debug|Any CPU.Build.0 = Debug|Any CPU
		{D24FD496-6E46-4CE1-8D63-1F913D9E690C}.Release|Any CPU.ActiveCfg = Release|Any CPU
		{D24FD496-6E46-4CE1-8D63-1F913D9E690C}.Release|Any CPU.Build.0 = Release|Any CPU
	EndGlobalSection
	GlobalSection(SolutionProperties) = preSolution
		HideSolutionNode = FALSE
	EndGlobalSection
	GlobalSection(ExtensibilityGlobals) = postSolution
		SolutionGuid = {B2639833-5C4B-4112-890A-F9FFD879EC15}
	EndGlobalSection
EndGlobal
